// !$*UTF8*$!
{
	archiveVersion = 1;
	classes = {
	};
	objectVersion = 56;
	objects = {

/* Begin PBXBuildFile section */
		745014E12BAC8F4A00E6DAFD /* AppDelegate.m in Sources */ = {isa = PBXBuildFile; fileRef = 745014E02BAC8F4A00E6DAFD /* AppDelegate.m */; };
		745014E32BAC8F5300E6DAFD /* Assets.xcassets in Resources */ = {isa = PBXBuildFile; fileRef = 745014E22BAC8F5300E6DAFD /* Assets.xcassets */; };
		745014E62BAC8F5300E6DAFD /* MainMenu.xib in Resources */ = {isa = PBXBuildFile; fileRef = 745014E42BAC8F5300E6DAFD /* MainMenu.xib */; };
		745014E82BAC8F5300E6DAFD /* main.m in Sources */ = {isa = PBXBuildFile; fileRef = 745014E72BAC8F5300E6DAFD /* main.m */; };
		745014F12BAC901D00E6DAFD /* vista1.m in Sources */ = {isa = PBXBuildFile; fileRef = 745014F02BAC901D00E6DAFD /* vista1.m */; };
/* End PBXBuildFile section */

/* Begin PBXFileReference section */
		745014DC2BAC8F4A00E6DAFD /* appGraficosEnVistas.app */ = {isa = PBXFileReference; explicitFileType = wrapper.application; includeInIndex = 0; path = appGraficosEnVistas.app; sourceTree = BUILT_PRODUCTS_DIR; };
		745014DF2BAC8F4A00E6DAFD /* AppDelegate.h */ = {isa = PBXFileReference; lastKnownFileType = sourcecode.c.h; path = AppDelegate.h; sourceTree = "<group>"; };
		745014E02BAC8F4A00E6DAFD /* AppDelegate.m */ = {isa = PBXFileReference; lastKnownFileType = sourcecode.c.objc; path = AppDelegate.m; sourceTree = "<group>"; };
		745014E22BAC8F5300E6DAFD /* Assets.xcassets */ = {isa = PBXFileReference; lastKnownFileType = folder.assetcatalog; path = Assets.xcassets; sourceTree = "<group>"; };
		745014E52BAC8F5300E6DAFD /* Base */ = {isa = PBXFileReference; lastKnownFileType = file.xib; name = Base; path = Base.lproj/MainMenu.xib; sourceTree = "<group>"; };
		745014E72BAC8F5300E6DAFD /* main.m */ = {isa = PBXFileReference; lastKnownFileType = sourcecode.c.objc; path = main.m; sourceTree = "<group>"; };
		745014E92BAC8F5300E6DAFD /* appGraficosEnVistas.entitlements */ = {isa = PBXFileReference; lastKnownFileType = text.plist.entitlements; path = appGraficosEnVistas.entitlements; sourceTree = "<group>"; };
		745014EF2BAC901D00E6DAFD /* vista1.h */ = {isa = PBXFileReference; lastKnownFileType = sourcecode.c.h; path = vista1.h; sourceTree = "<group>"; };
		745014F02BAC901D00E6DAFD /* vista1.m */ = {isa = PBXFileReference; lastKnownFileType = sourcecode.c.objc; path = vista1.m; sourceTree = "<group>"; };
/* End PBXFileReference section */

/* Begin PBXFrameworksBuildPhase section */
		745014D92BAC8F4A00E6DAFD /* Frameworks */ = {
			isa = PBXFrameworksBuildPhase;
			buildActionMask = 2147483647;
			files = (
			);
			runOnlyForDeploymentPostprocessing = 0;
		};
/* End PBXFrameworksBuildPhase section */

/* Begin PBXGroup section */
		745014D32BAC8F4A00E6DAFD = {
			isa = PBXGroup;
			children = (
				745014DE2BAC8F4A00E6DAFD /* appGraficosEnVistas */,
				745014DD2BAC8F4A00E6DAFD /* Products */,
			);
			sourceTree = "<group>";
		};
		745014DD2BAC8F4A00E6DAFD /* Products */ = {
			isa = PBXGroup;
			children = (
				745014DC2BAC8F4A00E6DAFD /* appGraficosEnVistas.app */,
			);
			name = Products;
			sourceTree = "<group>";
		};
		745014DE2BAC8F4A00E6DAFD /* appGraficosEnVistas */ = {
			isa = PBXGroup;
			children = (
				745014DF2BAC8F4A00E6DAFD /* AppDelegate.h */,
				745014E02BAC8F4A00E6DAFD /* AppDelegate.m */,
				745014E22BAC8F5300E6DAFD /* Assets.xcassets */,
				745014E42BAC8F5300E6DAFD /* MainMenu.xib */,
				745014EF2BAC901D00E6DAFD /* vista1.h */,
				745014F02BAC901D00E6DAFD /* vista1.m */,
				745014E72BAC8F5300E6DAFD /* main.m */,
				745014E92BAC8F5300E6DAFD /* appGraficosEnVistas.entitlements */,
			);
			path = appGraficosEnVistas;
			sourceTree = "<group>";
		};
/* End PBXGroup section */

/* Begin PBXNativeTarget section */
		745014DB2BAC8F4A00E6DAFD /* appGraficosEnVistas */ = {
			isa = PBXNativeTarget;
			buildConfigurationList = 745014EC2BAC8F5300E6DAFD /* Build configuration list for PBXNativeTarget "appGraficosEnVistas" */;
			buildPhases = (
				745014D82BAC8F4A00E6DAFD /* Sources */,
				745014D92BAC8F4A00E6DAFD /* Frameworks */,
				745014DA2BAC8F4A00E6DAFD /* Resources */,
			);
			buildRules = (
			);
			dependencies = (
			);
			name = appGraficosEnVistas;
			productName = appGraficosEnVistas;
			productReference = 745014DC2BAC8F4A00E6DAFD /* appGraficosEnVistas.app */;
			productType = "com.apple.product-type.application";
		};
/* End PBXNativeTarget section */

/* Begin PBXProject section */
		745014D42BAC8F4A00E6DAFD /* Project object */ = {
			isa = PBXProject;
			attributes = {
				BuildIndependentTargetsInParallel = 1;
				LastUpgradeCheck = 1420;
				TargetAttributes = {
					745014DB2BAC8F4A00E6DAFD = {
						CreatedOnToolsVersion = 14.2;
					};
				};
			};
			buildConfigurationList = 745014D72BAC8F4A00E6DAFD /* Build configuration list for PBXProject "appGraficosEnVistas" */;
			compatibilityVersion = "Xcode 14.0";
			developmentRegion = en;
			hasScannedForEncodings = 0;
			knownRegions = (
				en,
				Base,
			);
			mainGroup = 745014D32BAC8F4A00E6DAFD;
			productRefGroup = 745014DD2BAC8F4A00E6DAFD /* Products */;
			projectDirPath = "";
			projectRoot = "";
			targets = (
				745014DB2BAC8F4A00E6DAFD /* appGraficosEnVistas */,
			);
		};
/* End PBXProject section */

/* Begin PBXResourcesBuildPhase section */
		745014DA2BAC8F4A00E6DAFD /* Resources */ = {
			isa = PBXResourcesBuildPhase;
			buildActionMask = 2147483647;
			files = (
				745014E32BAC8F5300E6DAFD /* Assets.xcassets in Resources */,
				745014E62BAC8F5300E6DAFD /* MainMenu.xib in Resources */,
			);
			runOnlyForDeploymentPostprocessing = 0;
		};
/* End PBXResourcesBuildPhase section */

/* Begin PBXSourcesBuildPhase section */
		745014D82BAC8F4A00E6DAFD /* Sources */ = {
			isa = PBXSourcesBuildPhase;
			buildActionMask = 2147483647;
			files = (
				745014E82BAC8F5300E6DAFD /* main.m in Sources */,
				745014F12BAC901D00E6DAFD /* vista1.m in Sources */,
				745014E12BAC8F4A00E6DAFD /* AppDelegate.m in Sources */,
			);
			runOnlyForDeploymentPostprocessing = 0;
		};
/* End PBXSourcesBuildPhase section */

/* Begin PBXVariantGroup section */
		745014E42BAC8F5300E6DAFD /* MainMenu.xib */ = {
			isa = PBXVariantGroup;
			children = (
				745014E52BAC8F5300E6DAFD /* Base */,
			);
			name = MainMenu.xib;
			sourceTree = "<group>";
		};
/* End PBXVariantGroup section */

/* Begin XCBuildConfiguration section */
		745014EA2BAC8F5300E6DAFD /* Debug */ = {
			isa = XCBuildConfiguration;
			buildSettings = {
				ALWAYS_SEARCH_USER_PATHS = NO;
				CLANG_ANALYZER_NONNULL = YES;
				CLANG_ANALYZER_NUMBER_OBJECT_CONVERSION = YES_AGGRESSIVE;
				CLANG_CXX_LANGUAGE_STANDARD = "gnu++20";
				CLANG_ENABLE_MODULES = YES;
				CLANG_ENABLE_OBJC_ARC = YES;
				CLANG_ENABLE_OBJC_WEAK = YES;
				CLANG_WARN_BLOCK_CAPTURE_AUTORELEASING = YES;
				CLANG_WARN_BOOL_CONVERSION = YES;
				CLANG_WARN_COMMA = YES;
				CLANG_WARN_CONSTANT_CONVERSION = YES;
				CLANG_WARN_DEPRECATED_OBJC_IMPLEMENTATIONS = YES;
				CLANG_WARN_DIRECT_OBJC_ISA_USAGE = YES_ERROR;
				CLANG_WARN_DOCUMENTATION_COMMENTS = YES;
				CLANG_WARN_EMPTY_BODY = YES;
				CLANG_WARN_ENUM_CONVERSION = YES;
				CLANG_WARN_INFINITE_RECURSION = YES;
				CLANG_WARN_INT_CONVERSION = YES;
				CLANG_WARN_NON_LITERAL_NULL_CONVERSION = YES;
				CLANG_WARN_OBJC_IMPLICIT_RETAIN_SELF = YES;
				CLANG_WARN_OBJC_LITERAL_CONVERSION = YES;
				CLANG_WARN_OBJC_ROOT_CLASS = YES_ERROR;
				CLANG_WARN_QUOTED_INCLUDE_IN_FRAMEWORK_HEADER = YES;
				CLANG_WARN_RANGE_LOOP_ANALYSIS = YES;
				CLANG_WARN_STRICT_PROTOTYPES = YES;
				CLANG_WARN_SUSPICIOUS_MOVE = YES;
				CLANG_WARN_UNGUARDED_AVAILABILITY = YES_AGGRESSIVE;
				CLANG_WARN_UNREACHABLE_CODE = YES;
				CLANG_WARN__DUPLICATE_METHOD_MATCH = YES;
				COPY_PHASE_STRIP = NO;
				DEBUG_INFORMATION_FORMAT = dwarf;
				ENABLE_STRICT_OBJC_MSGSEND = YES;
				ENABLE_TESTABILITY = YES;
				GCC_C_LANGUAGE_STANDARD = gnu11;
				GCC_DYNAMIC_NO_PIC = NO;
				GCC_NO_COMMON_BLOCKS = YES;
				GCC_OPTIMIZATION_LEVEL = 0;
				GCC_PREPROCESSOR_DEFINITIONS = (
					"DEBUG=1",
					"$(inherited)",
				);
				GCC_WARN_64_TO_32_BIT_CONVERSION = YES;
				GCC_WARN_ABOUT_RETURN_TYPE = YES_ERROR;
				GCC_WARN_UNDECLARED_SELECTOR = YES;
				GCC_WARN_UNINITIALIZED_AUTOS = YES_AGGRESSIVE;
				GCC_WARN_UNUSED_FUNCTION = YES;
				GCC_WARN_UNUSED_VARIABLE = YES;
				MACOSX_DEPLOYMENT_TARGET = 12.7;
				MTL_ENABLE_DEBUG_INFO = INCLUDE_SOURCE;
				MTL_FAST_MATH = YES;
				ONLY_ACTIVE_ARCH = YES;
				SDKROOT = macosx;
			};
			name = Debug;
		};
		745014EB2BAC8F5300E6DAFD /* Release */ = {
			isa = XCBuildConfiguration;
			buildSettings = {
				ALWAYS_SEARCH_USER_PATHS = NO;
				CLANG_ANALYZER_NONNULL = YES;
				CLANG_ANALYZER_NUMBER_OBJECT_CONVERSION = YES_AGGRESSIVE;
				CLANG_CXX_LANGUAGE_STANDARD = "gnu++20";
				CLANG_ENABLE_MODULES = YES;
				CLANG_ENABLE_OBJC_ARC = YES;
				CLANG_ENABLE_OBJC_WEAK = YES;
				CLANG_WARN_BLOCK_CAPTURE_AUTORELEASING = YES;
				CLANG_WARN_BOOL_CONVERSION = YES;
				CLANG_WARN_COMMA = YES;
				CLANG_WARN_CONSTANT_CONVERSION = YES;
				CLANG_WARN_DEPRECATED_OBJC_IMPLEMENTATIONS = YES;
				CLANG_WARN_DIRECT_OBJC_ISA_USAGE = YES_ERROR;
				CLANG_WARN_DOCUMENTATION_COMMENTS = YES;
				CLANG_WARN_EMPTY_BODY = YES;
				CLANG_WARN_ENUM_CONVERSION = YES;
				CLANG_WARN_INFINITE_RECURSION = YES;
				CLANG_WARN_INT_CONVERSION = YES;
				CLANG_WARN_NON_LITERAL_NULL_CONVERSION = YES;
				CLANG_WARN_OBJC_IMPLICIT_RETAIN_SELF = YES;
				CLANG_WARN_OBJC_LITERAL_CONVERSION = YES;
				CLANG_WARN_OBJC_ROOT_CLASS = YES_ERROR;
				CLANG_WARN_QUOTED_INCLUDE_IN_FRAMEWORK_HEADER = YES;
				CLANG_WARN_RANGE_LOOP_ANALYSIS = YES;
				CLANG_WARN_STRICT_PROTOTYPES = YES;
				CLANG_WARN_SUSPICIOUS_MOVE = YES;
				CLANG_WARN_UNGUARDED_AVAILABILITY = YES_AGGRESSIVE;
				CLANG_WARN_UNREACHABLE_CODE = YES;
				CLANG_WARN__DUPLICATE_METHOD_MATCH = YES;
				COPY_PHASE_STRIP = NO;
				DEBUG_INFORMATION_FORMAT = "dwarf-with-dsym";
				ENABLE_NS_ASSERTIONS = NO;
				ENABLE_STRICT_OBJC_MSGSEND = YES;
				GCC_C_LANGUAGE_STANDARD = gnu11;
				GCC_NO_COMMON_BLOCKS = YES;
				GCC_WARN_64_TO_32_BIT_CONVERSION = YES;
				GCC_WARN_ABOUT_RETURN_TYPE = YES_ERROR;
				GCC_WARN_UNDECLARED_SELECTOR = YES;
				GCC_WARN_UNINITIALIZED_AUTOS = YES_AGGRESSIVE;
				GCC_WARN_UNUSED_FUNCTION = YES;
				GCC_WARN_UNUSED_VARIABLE = YES;
				MACOSX_DEPLOYMENT_TARGET = 12.7;
				MTL_ENABLE_DEBUG_INFO = NO;
				MTL_FAST_MATH = YES;
				SDKROOT = macosx;
			};
			name = Release;
		};
		745014ED2BAC8F5300E6DAFD /* Debug */ = {
			isa = XCBuildConfiguration;
			buildSettings = {
				ASSETCATALOG_COMPILER_APPICON_NAME = AppIcon;
				ASSETCATALOG_COMPILER_GLOBAL_ACCENT_COLOR_NAME = AccentColor;
				CODE_SIGN_ENTITLEMENTS = appGraficosEnVistas/appGraficosEnVistas.entitlements;
				CODE_SIGN_STYLE = Automatic;
				COMBINE_HIDPI_IMAGES = YES;
				CURRENT_PROJECT_VERSION = 1;
				DEVELOPMENT_TEAM = TRDAW623BB;
				ENABLE_HARDENED_RUNTIME = YES;
				GENERATE_INFOPLIST_FILE = YES;
				INFOPLIST_KEY_NSHumanReadableCopyright = "";
				INFOPLIST_KEY_NSMainNibFile = MainMenu;
				INFOPLIST_KEY_NSPrincipalClass = NSApplication;
				LD_RUNPATH_SEARCH_PATHS = (
					"$(inherited)",
					"@executable_path/../Frameworks",
				);
				MARKETING_VERSION = 1.0;
				PRODUCT_BUNDLE_IDENTIFIER = RomanTech.appGraficosEnVistas;
				PRODUCT_NAME = "$(TARGET_NAME)";
				SWIFT_EMIT_LOC_STRINGS = YES;
			};
			name = Debug;
		};
		745014EE2BAC8F5300E6DAFD /* Release */ = {
			isa = XCBuildConfiguration;
			buildSettings = {
				ASSETCATALOG_COMPILER_APPICON_NAME = AppIcon;
				ASSETCATALOG_COMPILER_GLOBAL_ACCENT_COLOR_NAME = AccentColor;
				CODE_SIGN_ENTITLEMENTS = appGraficosEnVistas/appGraficosEnVistas.entitlements;
				CODE_SIGN_STYLE = Automatic;
				COMBINE_HIDPI_IMAGES = YES;
				CURRENT_PROJECT_VERSION = 1;
				DEVELOPMENT_TEAM = TRDAW623BB;
				ENABLE_HARDENED_RUNTIME = YES;
				GENERATE_INFOPLIST_FILE = YES;
				INFOPLIST_KEY_NSHumanReadableCopyright = "";
				INFOPLIST_KEY_NSMainNibFile = MainMenu;
				INFOPLIST_KEY_NSPrincipalClass = NSApplication;
				LD_RUNPATH_SEARCH_PATHS = (
					"$(inherited)",
					"@executable_path/../Frameworks",
				);
				MARKETING_VERSION = 1.0;
				PRODUCT_BUNDLE_IDENTIFIER = RomanTech.appGraficosEnVistas;
				PRODUCT_NAME = "$(TARGET_NAME)";
				SWIFT_EMIT_LOC_STRINGS = YES;
			};
			name = Release;
		};
/* End XCBuildConfiguration section */

/* Begin XCConfigurationList section */
		745014D72BAC8F4A00E6DAFD /* Build configuration list for PBXProject "appGraficosEnVistas" */ = {
			isa = XCConfigurationList;
			buildConfigurations = (
				745014EA2BAC8F5300E6DAFD /* Debug */,
				745014EB2BAC8F5300E6DAFD /* Release */,
			);
			defaultConfigurationIsVisible = 0;
			defaultConfigurationName = Release;
		};
		745014EC2BAC8F5300E6DAFD /* Build configuration list for PBXNativeTarget "appGraficosEnVistas" */ = {
			isa = XCConfigurationList;
			buildConfigurations = (
				745014ED2BAC8F5300E6DAFD /* Debug */,
				745014EE2BAC8F5300E6DAFD /* Release */,
			);
			defaultConfigurationIsVisible = 0;
			defaultConfigurationName = Release;
		};
/* End XCConfigurationList section */
	};
	rootObject = 745014D42BAC8F4A00E6DAFD /* Project object */;
}
